
Microsoft Visual Studio Solution File, Format Version 12.00
# Visual Studio Version 16
VisualStudioVersion = 16.0.31729.503
MinimumVisualStudioVersion = 10.0.40219.1
Project("{FAE04EC0-301F-11D3-BF4B-00C04F79EFBC}") = "26-YarisAti", "26-YarisAti\26-YarisAti.csproj", "{F90999B8-7F1F-4659-A41A-81D076ADDD33}"
EndProject
Global
	GlobalSection(SolutionConfigurationPlatforms) = preSolution
		Debug|Any CPU = Debug|Any CPU
		Release|Any CPU = Release|Any CPU
	EndGlobalSection
	GlobalSection(ProjectConfigurationPlatforms) = postSolution
		{F90999B8-7F1F-4659-A41A-81D076ADDD33}.Debug|Any CPU.ActiveCfg = Debug|Any CPU
		{F90999B8-7F1F-4659-A41A-81D076ADDD33}.Debug|Any CPU.Build.0 = Debug|Any CPU
		{F90999B8-7F1F-4659-A41A-81D076ADDD33}.Release|Any CPU.ActiveCfg = Release|Any CPU
		{F90999B8-7F1F-4659-A41A-81D076ADDD33}.Release|Any CPU.Build.0 = Release|Any CPU
	EndGlobalSection
	GlobalSection(SolutionProperties) = preSolution
		HideSolutionNode = FALSE
	EndGlobalSection
	GlobalSection(ExtensibilityGlobals) = postSolution
		SolutionGuid = {BF200310-E859-4071-987D-3A69FFDA2111}
	EndGlobalSection
EndGlobal
