
Microsoft Visual Studio Solution File, Format Version 12.00
# Visual Studio Version 16
VisualStudioVersion = 16.0.31729.503
MinimumVisualStudioVersion = 10.0.40219.1
Project("{FAE04EC0-301F-11D3-BF4B-00C04F79EFBC}") = "30-while", "30-while\30-while.csproj", "{90B5897A-8426-449F-90BF-352490C6293A}"
EndProject
Global
	GlobalSection(SolutionConfigurationPlatforms) = preSolution
		Debug|Any CPU = Debug|Any CPU
		Release|Any CPU = Release|Any CPU
	EndGlobalSection
	GlobalSection(ProjectConfigurationPlatforms) = postSolution
		{90B5897A-8426-449F-90BF-352490C6293A}.Debug|Any CPU.ActiveCfg = Debug|Any CPU
		{90B5897A-8426-449F-90BF-352490C6293A}.Debug|Any CPU.Build.0 = Debug|Any CPU
		{90B5897A-8426-449F-90BF-352490C6293A}.Release|Any CPU.ActiveCfg = Release|Any CPU
		{90B5897A-8426-449F-90BF-352490C6293A}.Release|Any CPU.Build.0 = Release|Any CPU
	EndGlobalSection
	GlobalSection(SolutionProperties) = preSolution
		HideSolutionNode = FALSE
	EndGlobalSection
	GlobalSection(ExtensibilityGlobals) = postSolution
		SolutionGuid = {9AE9DBDF-B16F-4804-9FC4-D81CA4A97693}
	EndGlobalSection
EndGlobal
